{
  "object": {
    "pins": [
      {
        "package": "Surge",
        "repositoryURL": "https://github.com/Jounce/Surge.git",
        "state": {
          "branch": null,
          "revision": "6e4a47e63da8801afe6188cf039e9f04eb577721",
          "version": "2.3.2"
        }
      },
      {
        "package": "SwiftNoise",
        "repositoryURL": "https://github.com/markusmoenig/SwiftNoise/",
        "state": {
          "branch": null,
          "revision": "ed53367afc909f856c97e6e1a8e8752b1d521464",
          "version": "0.1.2"
        }
      }
    ]
  },
  "version": 1
}
