{
  "object": {
    "pins": [
      {
        "package": "Surge",
        "repositoryURL": "https://github.com/Jounce/Surge.git",
        "state": {
          "branch": null,
          "revision": "6e4a47e63da8801afe6188cf039e9f04eb577721",
          "version": "2.3.2"
        }
      },
      {
        "package": "SwiftNoise",
        "repositoryURL": "https://github.com/markusmoenig/SwiftNoise/",
        "state": {
          "branch": null,
          "revision": "70678bbba28cd0409bc9526f756a393d910b3545",
          "version": "0.1.5"
        }
      }
    ]
  },
  "version": 1
}
