// !$*UTF8*$!
{
	archiveVersion = 1;
	classes = {
	};
	objectVersion = 50;
	objects = {

/* Begin PBXBuildFile section */
		2B1A6FAD2621239C005F65E6 /* Renderer.swift in Sources */ = {isa = PBXBuildFile; fileRef = 2B1A6FAC2621239C005F65E6 /* Renderer.swift */; };
		2B1A6FAE2621239C005F65E6 /* Renderer.swift in Sources */ = {isa = PBXBuildFile; fileRef = 2B1A6FAC2621239C005F65E6 /* Renderer.swift */; };
		2B1A6FBF26213F60005F65E6 /* NodeArray.swift in Sources */ = {isa = PBXBuildFile; fileRef = 2B1A6FBE26213F60005F65E6 /* NodeArray.swift */; };
		2B1A6FC026213F60005F65E6 /* NodeArray.swift in Sources */ = {isa = PBXBuildFile; fileRef = 2B1A6FBE26213F60005F65E6 /* NodeArray.swift */; };
		2B1A6FC426214078005F65E6 /* Shapes.swift in Sources */ = {isa = PBXBuildFile; fileRef = 2B1A6FC326214078005F65E6 /* Shapes.swift */; };
		2B1A6FC526214078005F65E6 /* Shapes.swift in Sources */ = {isa = PBXBuildFile; fileRef = 2B1A6FC326214078005F65E6 /* Shapes.swift */; };
		2B1A6FCD262189A7005F65E6 /* NodeView.swift in Sources */ = {isa = PBXBuildFile; fileRef = 2B1A6FCC262189A7005F65E6 /* NodeView.swift */; };
		2B1A6FCE262189A7005F65E6 /* NodeView.swift in Sources */ = {isa = PBXBuildFile; fileRef = 2B1A6FCC262189A7005F65E6 /* NodeView.swift */; };
		2B7B194B261D4DC70027C905 /* FabricatedApp.swift in Sources */ = {isa = PBXBuildFile; fileRef = 2B7B1937261D4DC50027C905 /* FabricatedApp.swift */; };
		2B7B194C261D4DC70027C905 /* FabricatedApp.swift in Sources */ = {isa = PBXBuildFile; fileRef = 2B7B1937261D4DC50027C905 /* FabricatedApp.swift */; };
		2B7B194D261D4DC70027C905 /* FabricatedDocument.swift in Sources */ = {isa = PBXBuildFile; fileRef = 2B7B1938261D4DC50027C905 /* FabricatedDocument.swift */; };
		2B7B194E261D4DC70027C905 /* FabricatedDocument.swift in Sources */ = {isa = PBXBuildFile; fileRef = 2B7B1938261D4DC50027C905 /* FabricatedDocument.swift */; };
		2B7B194F261D4DC70027C905 /* ContentView.swift in Sources */ = {isa = PBXBuildFile; fileRef = 2B7B1939261D4DC50027C905 /* ContentView.swift */; };
		2B7B1950261D4DC70027C905 /* ContentView.swift in Sources */ = {isa = PBXBuildFile; fileRef = 2B7B1939261D4DC50027C905 /* ContentView.swift */; };
		2B7B1951261D4DC70027C905 /* Assets.xcassets in Resources */ = {isa = PBXBuildFile; fileRef = 2B7B193A261D4DC60027C905 /* Assets.xcassets */; };
		2B7B1952261D4DC70027C905 /* Assets.xcassets in Resources */ = {isa = PBXBuildFile; fileRef = 2B7B193A261D4DC60027C905 /* Assets.xcassets */; };
		2B7B195E261D52530027C905 /* Core.swift in Sources */ = {isa = PBXBuildFile; fileRef = 2B7B195D261D52530027C905 /* Core.swift */; };
		2B7B195F261D52530027C905 /* Core.swift in Sources */ = {isa = PBXBuildFile; fileRef = 2B7B195D261D52530027C905 /* Core.swift */; };
		2B7B1965261D52DF0027C905 /* Project.swift in Sources */ = {isa = PBXBuildFile; fileRef = 2B7B1964261D52DF0027C905 /* Project.swift */; };
		2B7B1966261D52DF0027C905 /* Project.swift in Sources */ = {isa = PBXBuildFile; fileRef = 2B7B1964261D52DF0027C905 /* Project.swift */; };
		2B7B1978261D851F0027C905 /* Metal.metal in Sources */ = {isa = PBXBuildFile; fileRef = 2B7B1977261D851F0027C905 /* Metal.metal */; };
		2B7B1979261D851F0027C905 /* Metal.metal in Sources */ = {isa = PBXBuildFile; fileRef = 2B7B1977261D851F0027C905 /* Metal.metal */; };
		2B7B197F261D85AC0027C905 /* MetalStates.swift in Sources */ = {isa = PBXBuildFile; fileRef = 2B7B197E261D85AC0027C905 /* MetalStates.swift */; };
		2B7B1980261D85AC0027C905 /* MetalStates.swift in Sources */ = {isa = PBXBuildFile; fileRef = 2B7B197E261D85AC0027C905 /* MetalStates.swift */; };
		2B7B1986261D86930027C905 /* MetalView.swift in Sources */ = {isa = PBXBuildFile; fileRef = 2B7B1985261D86930027C905 /* MetalView.swift */; };
		2B7B1987261D86930027C905 /* MetalView.swift in Sources */ = {isa = PBXBuildFile; fileRef = 2B7B1985261D86930027C905 /* MetalView.swift */; };
		2B7B198B261D86DC0027C905 /* MathLibrary.swift in Sources */ = {isa = PBXBuildFile; fileRef = 2B7B198A261D86DC0027C905 /* MathLibrary.swift */; };
		2B7B198C261D86DC0027C905 /* MathLibrary.swift in Sources */ = {isa = PBXBuildFile; fileRef = 2B7B198A261D86DC0027C905 /* MathLibrary.swift */; };
		2B7D0748261E94A40097212F /* Views.swift in Sources */ = {isa = PBXBuildFile; fileRef = 2B7D0747261E94A40097212F /* Views.swift */; };
		2B7D0749261E94A40097212F /* Views.swift in Sources */ = {isa = PBXBuildFile; fileRef = 2B7D0747261E94A40097212F /* Views.swift */; };
		2B7D074D261E9E850097212F /* MetalDrawables.swift in Sources */ = {isa = PBXBuildFile; fileRef = 2B7D074C261E9E850097212F /* MetalDrawables.swift */; };
		2B7D074E261E9E850097212F /* MetalDrawables.swift in Sources */ = {isa = PBXBuildFile; fileRef = 2B7D074C261E9E850097212F /* MetalDrawables.swift */; };
		2B7D0755261EA0050097212F /* Classes.swift in Sources */ = {isa = PBXBuildFile; fileRef = 2B7D0754261EA0050097212F /* Classes.swift */; };
		2B7D0756261EA0050097212F /* Classes.swift in Sources */ = {isa = PBXBuildFile; fileRef = 2B7D0754261EA0050097212F /* Classes.swift */; };
		2B7D075C261EA0110097212F /* Font.swift in Sources */ = {isa = PBXBuildFile; fileRef = 2B7D075B261EA0110097212F /* Font.swift */; };
		2B7D075D261EA0110097212F /* Font.swift in Sources */ = {isa = PBXBuildFile; fileRef = 2B7D075B261EA0110097212F /* Font.swift */; };
		2B7D0763261EA3AA0097212F /* OpenSans.tiff in Resources */ = {isa = PBXBuildFile; fileRef = 2B7D0761261EA3AA0097212F /* OpenSans.tiff */; };
		2B7D0764261EA3AA0097212F /* OpenSans.tiff in Resources */ = {isa = PBXBuildFile; fileRef = 2B7D0761261EA3AA0097212F /* OpenSans.tiff */; };
		2B7D0765261EA3AA0097212F /* OpenSans.json in Resources */ = {isa = PBXBuildFile; fileRef = 2B7D0762261EA3AA0097212F /* OpenSans.json */; };
		2B7D0766261EA3AA0097212F /* OpenSans.json in Resources */ = {isa = PBXBuildFile; fileRef = 2B7D0762261EA3AA0097212F /* OpenSans.json */; };
		2B7D076B261EA44A0097212F /* Node.swift in Sources */ = {isa = PBXBuildFile; fileRef = 2B7D076A261EA44A0097212F /* Node.swift */; };
		2B7D076C261EA44A0097212F /* Node.swift in Sources */ = {isa = PBXBuildFile; fileRef = 2B7D076A261EA44A0097212F /* Node.swift */; };
/* End PBXBuildFile section */

/* Begin PBXFileReference section */
		2B1A6FAC2621239C005F65E6 /* Renderer.swift */ = {isa = PBXFileReference; lastKnownFileType = sourcecode.swift; path = Renderer.swift; sourceTree = "<group>"; };
		2B1A6FBE26213F60005F65E6 /* NodeArray.swift */ = {isa = PBXFileReference; lastKnownFileType = sourcecode.swift; path = NodeArray.swift; sourceTree = "<group>"; };
		2B1A6FC326214078005F65E6 /* Shapes.swift */ = {isa = PBXFileReference; lastKnownFileType = sourcecode.swift; path = Shapes.swift; sourceTree = "<group>"; };
		2B1A6FCC262189A7005F65E6 /* NodeView.swift */ = {isa = PBXFileReference; lastKnownFileType = sourcecode.swift; path = NodeView.swift; sourceTree = "<group>"; };
		2B7B1937261D4DC50027C905 /* FabricatedApp.swift */ = {isa = PBXFileReference; lastKnownFileType = sourcecode.swift; path = FabricatedApp.swift; sourceTree = "<group>"; };
		2B7B1938261D4DC50027C905 /* FabricatedDocument.swift */ = {isa = PBXFileReference; lastKnownFileType = sourcecode.swift; path = FabricatedDocument.swift; sourceTree = "<group>"; };
		2B7B1939261D4DC50027C905 /* ContentView.swift */ = {isa = PBXFileReference; lastKnownFileType = sourcecode.swift; path = ContentView.swift; sourceTree = "<group>"; };
		2B7B193A261D4DC60027C905 /* Assets.xcassets */ = {isa = PBXFileReference; lastKnownFileType = folder.assetcatalog; path = Assets.xcassets; sourceTree = "<group>"; };
		2B7B193F261D4DC60027C905 /* Fabricated.app */ = {isa = PBXFileReference; explicitFileType = wrapper.application; includeInIndex = 0; path = Fabricated.app; sourceTree = BUILT_PRODUCTS_DIR; };
		2B7B1942261D4DC60027C905 /* Info.plist */ = {isa = PBXFileReference; lastKnownFileType = text.plist.xml; path = Info.plist; sourceTree = "<group>"; };
		2B7B1947261D4DC70027C905 /* Fabricated.app */ = {isa = PBXFileReference; explicitFileType = wrapper.application; includeInIndex = 0; path = Fabricated.app; sourceTree = BUILT_PRODUCTS_DIR; };
		2B7B1949261D4DC70027C905 /* Info.plist */ = {isa = PBXFileReference; lastKnownFileType = text.plist.xml; path = Info.plist; sourceTree = "<group>"; };
		2B7B194A261D4DC70027C905 /* macOS.entitlements */ = {isa = PBXFileReference; lastKnownFileType = text.plist.entitlements; path = macOS.entitlements; sourceTree = "<group>"; };
		2B7B195D261D52530027C905 /* Core.swift */ = {isa = PBXFileReference; lastKnownFileType = sourcecode.swift; path = Core.swift; sourceTree = "<group>"; };
		2B7B1964261D52DF0027C905 /* Project.swift */ = {isa = PBXFileReference; lastKnownFileType = sourcecode.swift; path = Project.swift; sourceTree = "<group>"; };
		2B7B196F261D84B40027C905 /* Metal.h */ = {isa = PBXFileReference; lastKnownFileType = sourcecode.c.h; path = Metal.h; sourceTree = "<group>"; };
		2B7B1977261D851F0027C905 /* Metal.metal */ = {isa = PBXFileReference; lastKnownFileType = sourcecode.metal; path = Metal.metal; sourceTree = "<group>"; };
		2B7B197E261D85AC0027C905 /* MetalStates.swift */ = {isa = PBXFileReference; lastKnownFileType = sourcecode.swift; path = MetalStates.swift; sourceTree = "<group>"; };
		2B7B1985261D86930027C905 /* MetalView.swift */ = {isa = PBXFileReference; lastKnownFileType = sourcecode.swift; path = MetalView.swift; sourceTree = "<group>"; };
		2B7B198A261D86DC0027C905 /* MathLibrary.swift */ = {isa = PBXFileReference; lastKnownFileType = sourcecode.swift; path = MathLibrary.swift; sourceTree = "<group>"; };
		2B7D0747261E94A40097212F /* Views.swift */ = {isa = PBXFileReference; lastKnownFileType = sourcecode.swift; path = Views.swift; sourceTree = "<group>"; };
		2B7D074C261E9E850097212F /* MetalDrawables.swift */ = {isa = PBXFileReference; lastKnownFileType = sourcecode.swift; path = MetalDrawables.swift; sourceTree = "<group>"; };
		2B7D0754261EA0050097212F /* Classes.swift */ = {isa = PBXFileReference; lastKnownFileType = sourcecode.swift; path = Classes.swift; sourceTree = "<group>"; };
		2B7D075B261EA0110097212F /* Font.swift */ = {isa = PBXFileReference; lastKnownFileType = sourcecode.swift; path = Font.swift; sourceTree = "<group>"; };
		2B7D0761261EA3AA0097212F /* OpenSans.tiff */ = {isa = PBXFileReference; lastKnownFileType = image.tiff; path = OpenSans.tiff; sourceTree = "<group>"; };
		2B7D0762261EA3AA0097212F /* OpenSans.json */ = {isa = PBXFileReference; fileEncoding = 4; lastKnownFileType = text.json; path = OpenSans.json; sourceTree = "<group>"; };
		2B7D076A261EA44A0097212F /* Node.swift */ = {isa = PBXFileReference; lastKnownFileType = sourcecode.swift; path = Node.swift; sourceTree = "<group>"; };
/* End PBXFileReference section */

/* Begin PBXFrameworksBuildPhase section */
		2B7B193C261D4DC60027C905 /* Frameworks */ = {
			isa = PBXFrameworksBuildPhase;
			buildActionMask = 2147483647;
			files = (
			);
			runOnlyForDeploymentPostprocessing = 0;
		};
		2B7B1944261D4DC70027C905 /* Frameworks */ = {
			isa = PBXFrameworksBuildPhase;
			buildActionMask = 2147483647;
			files = (
			);
			runOnlyForDeploymentPostprocessing = 0;
		};
/* End PBXFrameworksBuildPhase section */

/* Begin PBXGroup section */
		2B7B1931261D4DC50027C905 = {
			isa = PBXGroup;
			children = (
				2B7B1936261D4DC50027C905 /* Shared */,
				2B7B1941261D4DC60027C905 /* iOS */,
				2B7B1948261D4DC70027C905 /* macOS */,
				2B7B1940261D4DC60027C905 /* Products */,
			);
			sourceTree = "<group>";
		};
		2B7B1936261D4DC50027C905 /* Shared */ = {
			isa = PBXGroup;
			children = (
				2B7B1937261D4DC50027C905 /* FabricatedApp.swift */,
				2B7B1938261D4DC50027C905 /* FabricatedDocument.swift */,
				2B7B1939261D4DC50027C905 /* ContentView.swift */,
				2B7D0747261E94A40097212F /* Views.swift */,
				2B7B1964261D52DF0027C905 /* Project.swift */,
				2B7B195D261D52530027C905 /* Core.swift */,
				2B1A6FAC2621239C005F65E6 /* Renderer.swift */,
				2B7B1977261D851F0027C905 /* Metal.metal */,
				2B7B196F261D84B40027C905 /* Metal.h */,
				2B7B197E261D85AC0027C905 /* MetalStates.swift */,
				2B7B1985261D86930027C905 /* MetalView.swift */,
				2B7D074C261E9E850097212F /* MetalDrawables.swift */,
				2B7B198A261D86DC0027C905 /* MathLibrary.swift */,
				2B7D0769261EA4360097212F /* Nodes */,
				2B7D0753261E9FCC0097212F /* Classes */,
				2B7D0760261EA3960097212F /* Fonts */,
				2B7B193A261D4DC60027C905 /* Assets.xcassets */,
			);
			path = Shared;
			sourceTree = "<group>";
		};
		2B7B1940261D4DC60027C905 /* Products */ = {
			isa = PBXGroup;
			children = (
				2B7B193F261D4DC60027C905 /* Fabricated.app */,
				2B7B1947261D4DC70027C905 /* Fabricated.app */,
			);
			name = Products;
			sourceTree = "<group>";
		};
		2B7B1941261D4DC60027C905 /* iOS */ = {
			isa = PBXGroup;
			children = (
				2B7B1942261D4DC60027C905 /* Info.plist */,
			);
			path = iOS;
			sourceTree = "<group>";
		};
		2B7B1948261D4DC70027C905 /* macOS */ = {
			isa = PBXGroup;
			children = (
				2B7B1949261D4DC70027C905 /* Info.plist */,
				2B7B194A261D4DC70027C905 /* macOS.entitlements */,
			);
			path = macOS;
			sourceTree = "<group>";
		};
		2B7D0753261E9FCC0097212F /* Classes */ = {
			isa = PBXGroup;
			children = (
				2B7D0754261EA0050097212F /* Classes.swift */,
				2B7D075B261EA0110097212F /* Font.swift */,
			);
			path = Classes;
			sourceTree = "<group>";
		};
		2B7D0760261EA3960097212F /* Fonts */ = {
			isa = PBXGroup;
			children = (
				2B7D0762261EA3AA0097212F /* OpenSans.json */,
				2B7D0761261EA3AA0097212F /* OpenSans.tiff */,
			);
			path = Fonts;
			sourceTree = "<group>";
		};
		2B7D0769261EA4360097212F /* Nodes */ = {
			isa = PBXGroup;
			children = (
				2B7D076A261EA44A0097212F /* Node.swift */,
				2B1A6FC326214078005F65E6 /* Shapes.swift */,
				2B1A6FCC262189A7005F65E6 /* NodeView.swift */,
				2B1A6FBE26213F60005F65E6 /* NodeArray.swift */,
			);
			path = Nodes;
			sourceTree = "<group>";
		};
/* End PBXGroup section */

/* Begin PBXNativeTarget section */
		2B7B193E261D4DC60027C905 /* Fabricated (iOS) */ = {
			isa = PBXNativeTarget;
			buildConfigurationList = 2B7B1955261D4DC70027C905 /* Build configuration list for PBXNativeTarget "Fabricated (iOS)" */;
			buildPhases = (
				2B7B193B261D4DC60027C905 /* Sources */,
				2B7B193C261D4DC60027C905 /* Frameworks */,
				2B7B193D261D4DC60027C905 /* Resources */,
			);
			buildRules = (
			);
			dependencies = (
			);
			name = "Fabricated (iOS)";
			productName = "Fabricated (iOS)";
			productReference = 2B7B193F261D4DC60027C905 /* Fabricated.app */;
			productType = "com.apple.product-type.application";
		};
		2B7B1946261D4DC70027C905 /* Fabricated (macOS) */ = {
			isa = PBXNativeTarget;
			buildConfigurationList = 2B7B1958261D4DC70027C905 /* Build configuration list for PBXNativeTarget "Fabricated (macOS)" */;
			buildPhases = (
				2B7B1943261D4DC70027C905 /* Sources */,
				2B7B1944261D4DC70027C905 /* Frameworks */,
				2B7B1945261D4DC70027C905 /* Resources */,
			);
			buildRules = (
			);
			dependencies = (
			);
			name = "Fabricated (macOS)";
			productName = "Fabricated (macOS)";
			productReference = 2B7B1947261D4DC70027C905 /* Fabricated.app */;
			productType = "com.apple.product-type.application";
		};
/* End PBXNativeTarget section */

/* Begin PBXProject section */
		2B7B1932261D4DC50027C905 /* Project object */ = {
			isa = PBXProject;
			attributes = {
				LastSwiftUpdateCheck = 1240;
				LastUpgradeCheck = 1240;
				TargetAttributes = {
					2B7B193E261D4DC60027C905 = {
						CreatedOnToolsVersion = 12.4;
					};
					2B7B1946261D4DC70027C905 = {
						CreatedOnToolsVersion = 12.4;
					};
				};
			};
			buildConfigurationList = 2B7B1935261D4DC50027C905 /* Build configuration list for PBXProject "Fabricated" */;
			compatibilityVersion = "Xcode 9.3";
			developmentRegion = en;
			hasScannedForEncodings = 0;
			knownRegions = (
				en,
				Base,
			);
			mainGroup = 2B7B1931261D4DC50027C905;
			productRefGroup = 2B7B1940261D4DC60027C905 /* Products */;
			projectDirPath = "";
			projectRoot = "";
			targets = (
				2B7B193E261D4DC60027C905 /* Fabricated (iOS) */,
				2B7B1946261D4DC70027C905 /* Fabricated (macOS) */,
			);
		};
/* End PBXProject section */

/* Begin PBXResourcesBuildPhase section */
		2B7B193D261D4DC60027C905 /* Resources */ = {
			isa = PBXResourcesBuildPhase;
			buildActionMask = 2147483647;
			files = (
				2B7B1951261D4DC70027C905 /* Assets.xcassets in Resources */,
				2B7D0765261EA3AA0097212F /* OpenSans.json in Resources */,
				2B7D0763261EA3AA0097212F /* OpenSans.tiff in Resources */,
			);
			runOnlyForDeploymentPostprocessing = 0;
		};
		2B7B1945261D4DC70027C905 /* Resources */ = {
			isa = PBXResourcesBuildPhase;
			buildActionMask = 2147483647;
			files = (
				2B7B1952261D4DC70027C905 /* Assets.xcassets in Resources */,
				2B7D0766261EA3AA0097212F /* OpenSans.json in Resources */,
				2B7D0764261EA3AA0097212F /* OpenSans.tiff in Resources */,
			);
			runOnlyForDeploymentPostprocessing = 0;
		};
/* End PBXResourcesBuildPhase section */

/* Begin PBXSourcesBuildPhase section */
		2B7B193B261D4DC60027C905 /* Sources */ = {
			isa = PBXSourcesBuildPhase;
			buildActionMask = 2147483647;
			files = (
				2B7B1986261D86930027C905 /* MetalView.swift in Sources */,
				2B7B1965261D52DF0027C905 /* Project.swift in Sources */,
				2B7D0755261EA0050097212F /* Classes.swift in Sources */,
				2B7B198B261D86DC0027C905 /* MathLibrary.swift in Sources */,
				2B7B1978261D851F0027C905 /* Metal.metal in Sources */,
				2B7B194B261D4DC70027C905 /* FabricatedApp.swift in Sources */,
				2B1A6FC426214078005F65E6 /* Shapes.swift in Sources */,
				2B7B194D261D4DC70027C905 /* FabricatedDocument.swift in Sources */,
				2B7D075C261EA0110097212F /* Font.swift in Sources */,
				2B7B197F261D85AC0027C905 /* MetalStates.swift in Sources */,
				2B7B195E261D52530027C905 /* Core.swift in Sources */,
				2B7D0748261E94A40097212F /* Views.swift in Sources */,
				2B7D076B261EA44A0097212F /* Node.swift in Sources */,
				2B7B194F261D4DC70027C905 /* ContentView.swift in Sources */,
				2B1A6FCD262189A7005F65E6 /* NodeView.swift in Sources */,
				2B1A6FAD2621239C005F65E6 /* Renderer.swift in Sources */,
				2B7D074D261E9E850097212F /* MetalDrawables.swift in Sources */,
				2B1A6FBF26213F60005F65E6 /* NodeArray.swift in Sources */,
			);
			runOnlyForDeploymentPostprocessing = 0;
		};
		2B7B1943261D4DC70027C905 /* Sources */ = {
			isa = PBXSourcesBuildPhase;
			buildActionMask = 2147483647;
			files = (
				2B7B1987261D86930027C905 /* MetalView.swift in Sources */,
				2B7B1966261D52DF0027C905 /* Project.swift in Sources */,
				2B7D0756261EA0050097212F /* Classes.swift in Sources */,
				2B7B198C261D86DC0027C905 /* MathLibrary.swift in Sources */,
				2B7B1979261D851F0027C905 /* Metal.metal in Sources */,
				2B7B194C261D4DC70027C905 /* FabricatedApp.swift in Sources */,
				2B1A6FC526214078005F65E6 /* Shapes.swift in Sources */,
				2B7B194E261D4DC70027C905 /* FabricatedDocument.swift in Sources */,
				2B7D075D261EA0110097212F /* Font.swift in Sources */,
				2B7B1980261D85AC0027C905 /* MetalStates.swift in Sources */,
				2B7B195F261D52530027C905 /* Core.swift in Sources */,
				2B7D0749261E94A40097212F /* Views.swift in Sources */,
				2B7D076C261EA44A0097212F /* Node.swift in Sources */,
				2B7B1950261D4DC70027C905 /* ContentView.swift in Sources */,
				2B1A6FCE262189A7005F65E6 /* NodeView.swift in Sources */,
				2B1A6FAE2621239C005F65E6 /* Renderer.swift in Sources */,
				2B7D074E261E9E850097212F /* MetalDrawables.swift in Sources */,
				2B1A6FC026213F60005F65E6 /* NodeArray.swift in Sources */,
			);
			runOnlyForDeploymentPostprocessing = 0;
		};
/* End PBXSourcesBuildPhase section */

/* Begin XCBuildConfiguration section */
		2B7B1953261D4DC70027C905 /* Debug */ = {
			isa = XCBuildConfiguration;
			buildSettings = {
				ALWAYS_SEARCH_USER_PATHS = NO;
				CLANG_ANALYZER_NONNULL = YES;
				CLANG_ANALYZER_NUMBER_OBJECT_CONVERSION = YES_AGGRESSIVE;
				CLANG_CXX_LANGUAGE_STANDARD = "gnu++14";
				CLANG_CXX_LIBRARY = "libc++";
				CLANG_ENABLE_MODULES = YES;
				CLANG_ENABLE_OBJC_ARC = YES;
				CLANG_ENABLE_OBJC_WEAK = YES;
				CLANG_WARN_BLOCK_CAPTURE_AUTORELEASING = YES;
				CLANG_WARN_BOOL_CONVERSION = YES;
				CLANG_WARN_COMMA = YES;
				CLANG_WARN_CONSTANT_CONVERSION = YES;
				CLANG_WARN_DEPRECATED_OBJC_IMPLEMENTATIONS = YES;
				CLANG_WARN_DIRECT_OBJC_ISA_USAGE = YES_ERROR;
				CLANG_WARN_DOCUMENTATION_COMMENTS = YES;
				CLANG_WARN_EMPTY_BODY = YES;
				CLANG_WARN_ENUM_CONVERSION = YES;
				CLANG_WARN_INFINITE_RECURSION = YES;
				CLANG_WARN_INT_CONVERSION = YES;
				CLANG_WARN_NON_LITERAL_NULL_CONVERSION = YES;
				CLANG_WARN_OBJC_IMPLICIT_RETAIN_SELF = YES;
				CLANG_WARN_OBJC_LITERAL_CONVERSION = YES;
				CLANG_WARN_OBJC_ROOT_CLASS = YES_ERROR;
				CLANG_WARN_QUOTED_INCLUDE_IN_FRAMEWORK_HEADER = YES;
				CLANG_WARN_RANGE_LOOP_ANALYSIS = YES;
				CLANG_WARN_STRICT_PROTOTYPES = YES;
				CLANG_WARN_SUSPICIOUS_MOVE = YES;
				CLANG_WARN_UNGUARDED_AVAILABILITY = YES_AGGRESSIVE;
				CLANG_WARN_UNREACHABLE_CODE = YES;
				CLANG_WARN__DUPLICATE_METHOD_MATCH = YES;
				COPY_PHASE_STRIP = NO;
				DEBUG_INFORMATION_FORMAT = dwarf;
				ENABLE_STRICT_OBJC_MSGSEND = YES;
				ENABLE_TESTABILITY = YES;
				GCC_C_LANGUAGE_STANDARD = gnu11;
				GCC_DYNAMIC_NO_PIC = NO;
				GCC_NO_COMMON_BLOCKS = YES;
				GCC_OPTIMIZATION_LEVEL = 0;
				GCC_PREPROCESSOR_DEFINITIONS = (
					"DEBUG=1",
					"$(inherited)",
				);
				GCC_WARN_64_TO_32_BIT_CONVERSION = YES;
				GCC_WARN_ABOUT_RETURN_TYPE = YES_ERROR;
				GCC_WARN_UNDECLARED_SELECTOR = YES;
				GCC_WARN_UNINITIALIZED_AUTOS = YES_AGGRESSIVE;
				GCC_WARN_UNUSED_FUNCTION = YES;
				GCC_WARN_UNUSED_VARIABLE = YES;
				MTL_ENABLE_DEBUG_INFO = INCLUDE_SOURCE;
				MTL_FAST_MATH = YES;
				ONLY_ACTIVE_ARCH = YES;
				SWIFT_ACTIVE_COMPILATION_CONDITIONS = DEBUG;
				SWIFT_OPTIMIZATION_LEVEL = "-Onone";
			};
			name = Debug;
		};
		2B7B1954261D4DC70027C905 /* Release */ = {
			isa = XCBuildConfiguration;
			buildSettings = {
				ALWAYS_SEARCH_USER_PATHS = NO;
				CLANG_ANALYZER_NONNULL = YES;
				CLANG_ANALYZER_NUMBER_OBJECT_CONVERSION = YES_AGGRESSIVE;
				CLANG_CXX_LANGUAGE_STANDARD = "gnu++14";
				CLANG_CXX_LIBRARY = "libc++";
				CLANG_ENABLE_MODULES = YES;
				CLANG_ENABLE_OBJC_ARC = YES;
				CLANG_ENABLE_OBJC_WEAK = YES;
				CLANG_WARN_BLOCK_CAPTURE_AUTORELEASING = YES;
				CLANG_WARN_BOOL_CONVERSION = YES;
				CLANG_WARN_COMMA = YES;
				CLANG_WARN_CONSTANT_CONVERSION = YES;
				CLANG_WARN_DEPRECATED_OBJC_IMPLEMENTATIONS = YES;
				CLANG_WARN_DIRECT_OBJC_ISA_USAGE = YES_ERROR;
				CLANG_WARN_DOCUMENTATION_COMMENTS = YES;
				CLANG_WARN_EMPTY_BODY = YES;
				CLANG_WARN_ENUM_CONVERSION = YES;
				CLANG_WARN_INFINITE_RECURSION = YES;
				CLANG_WARN_INT_CONVERSION = YES;
				CLANG_WARN_NON_LITERAL_NULL_CONVERSION = YES;
				CLANG_WARN_OBJC_IMPLICIT_RETAIN_SELF = YES;
				CLANG_WARN_OBJC_LITERAL_CONVERSION = YES;
				CLANG_WARN_OBJC_ROOT_CLASS = YES_ERROR;
				CLANG_WARN_QUOTED_INCLUDE_IN_FRAMEWORK_HEADER = YES;
				CLANG_WARN_RANGE_LOOP_ANALYSIS = YES;
				CLANG_WARN_STRICT_PROTOTYPES = YES;
				CLANG_WARN_SUSPICIOUS_MOVE = YES;
				CLANG_WARN_UNGUARDED_AVAILABILITY = YES_AGGRESSIVE;
				CLANG_WARN_UNREACHABLE_CODE = YES;
				CLANG_WARN__DUPLICATE_METHOD_MATCH = YES;
				COPY_PHASE_STRIP = NO;
				DEBUG_INFORMATION_FORMAT = "dwarf-with-dsym";
				ENABLE_NS_ASSERTIONS = NO;
				ENABLE_STRICT_OBJC_MSGSEND = YES;
				GCC_C_LANGUAGE_STANDARD = gnu11;
				GCC_NO_COMMON_BLOCKS = YES;
				GCC_WARN_64_TO_32_BIT_CONVERSION = YES;
				GCC_WARN_ABOUT_RETURN_TYPE = YES_ERROR;
				GCC_WARN_UNDECLARED_SELECTOR = YES;
				GCC_WARN_UNINITIALIZED_AUTOS = YES_AGGRESSIVE;
				GCC_WARN_UNUSED_FUNCTION = YES;
				GCC_WARN_UNUSED_VARIABLE = YES;
				MTL_ENABLE_DEBUG_INFO = NO;
				MTL_FAST_MATH = YES;
				SWIFT_COMPILATION_MODE = wholemodule;
				SWIFT_OPTIMIZATION_LEVEL = "-O";
			};
			name = Release;
		};
		2B7B1956261D4DC70027C905 /* Debug */ = {
			isa = XCBuildConfiguration;
			buildSettings = {
				ASSETCATALOG_COMPILER_APPICON_NAME = AppIcon;
				ASSETCATALOG_COMPILER_GLOBAL_ACCENT_COLOR_NAME = AccentColor;
				CODE_SIGN_STYLE = Automatic;
				DEVELOPMENT_TEAM = G6R6L3VH62;
				ENABLE_PREVIEWS = YES;
				INFOPLIST_FILE = iOS/Info.plist;
				IPHONEOS_DEPLOYMENT_TARGET = 14.0;
				LD_RUNPATH_SEARCH_PATHS = (
					"$(inherited)",
					"@executable_path/Frameworks",
				);
				PRODUCT_BUNDLE_IDENTIFIER = com.moenig.Fabricated;
				PRODUCT_NAME = Fabricated;
				SDKROOT = iphoneos;
				SWIFT_OBJC_BRIDGING_HEADER = Shared/Metal.h;
				SWIFT_VERSION = 5.0;
				TARGETED_DEVICE_FAMILY = "1,2";
			};
			name = Debug;
		};
		2B7B1957261D4DC70027C905 /* Release */ = {
			isa = XCBuildConfiguration;
			buildSettings = {
				ASSETCATALOG_COMPILER_APPICON_NAME = AppIcon;
				ASSETCATALOG_COMPILER_GLOBAL_ACCENT_COLOR_NAME = AccentColor;
				CODE_SIGN_STYLE = Automatic;
				DEVELOPMENT_TEAM = G6R6L3VH62;
				ENABLE_PREVIEWS = YES;
				INFOPLIST_FILE = iOS/Info.plist;
				IPHONEOS_DEPLOYMENT_TARGET = 14.0;
				LD_RUNPATH_SEARCH_PATHS = (
					"$(inherited)",
					"@executable_path/Frameworks",
				);
				PRODUCT_BUNDLE_IDENTIFIER = com.moenig.Fabricated;
				PRODUCT_NAME = Fabricated;
				SDKROOT = iphoneos;
				SWIFT_OBJC_BRIDGING_HEADER = Shared/Metal.h;
				SWIFT_VERSION = 5.0;
				TARGETED_DEVICE_FAMILY = "1,2";
				VALIDATE_PRODUCT = YES;
			};
			name = Release;
		};
		2B7B1959261D4DC70027C905 /* Debug */ = {
			isa = XCBuildConfiguration;
			buildSettings = {
				ASSETCATALOG_COMPILER_APPICON_NAME = AppIcon;
				ASSETCATALOG_COMPILER_GLOBAL_ACCENT_COLOR_NAME = AccentColor;
				CODE_SIGN_ENTITLEMENTS = macOS/macOS.entitlements;
				CODE_SIGN_STYLE = Automatic;
				COMBINE_HIDPI_IMAGES = YES;
				DEVELOPMENT_TEAM = G6R6L3VH62;
				ENABLE_HARDENED_RUNTIME = YES;
				ENABLE_PREVIEWS = YES;
				INFOPLIST_FILE = macOS/Info.plist;
				LD_RUNPATH_SEARCH_PATHS = (
					"$(inherited)",
					"@executable_path/../Frameworks",
				);
				MACOSX_DEPLOYMENT_TARGET = 11.0;
				PRODUCT_BUNDLE_IDENTIFIER = com.moenig.Fabricated;
				PRODUCT_NAME = Fabricated;
				SDKROOT = macosx;
				SWIFT_OBJC_BRIDGING_HEADER = Shared/Metal.h;
				SWIFT_VERSION = 5.0;
			};
			name = Debug;
		};
		2B7B195A261D4DC70027C905 /* Release */ = {
			isa = XCBuildConfiguration;
			buildSettings = {
				ASSETCATALOG_COMPILER_APPICON_NAME = AppIcon;
				ASSETCATALOG_COMPILER_GLOBAL_ACCENT_COLOR_NAME = AccentColor;
				CODE_SIGN_ENTITLEMENTS = macOS/macOS.entitlements;
				CODE_SIGN_STYLE = Automatic;
				COMBINE_HIDPI_IMAGES = YES;
				DEVELOPMENT_TEAM = G6R6L3VH62;
				ENABLE_HARDENED_RUNTIME = YES;
				ENABLE_PREVIEWS = YES;
				INFOPLIST_FILE = macOS/Info.plist;
				LD_RUNPATH_SEARCH_PATHS = (
					"$(inherited)",
					"@executable_path/../Frameworks",
				);
				MACOSX_DEPLOYMENT_TARGET = 11.0;
				PRODUCT_BUNDLE_IDENTIFIER = com.moenig.Fabricated;
				PRODUCT_NAME = Fabricated;
				SDKROOT = macosx;
				SWIFT_OBJC_BRIDGING_HEADER = Shared/Metal.h;
				SWIFT_VERSION = 5.0;
			};
			name = Release;
		};
/* End XCBuildConfiguration section */

/* Begin XCConfigurationList section */
		2B7B1935261D4DC50027C905 /* Build configuration list for PBXProject "Fabricated" */ = {
			isa = XCConfigurationList;
			buildConfigurations = (
				2B7B1953261D4DC70027C905 /* Debug */,
				2B7B1954261D4DC70027C905 /* Release */,
			);
			defaultConfigurationIsVisible = 0;
			defaultConfigurationName = Release;
		};
		2B7B1955261D4DC70027C905 /* Build configuration list for PBXNativeTarget "Fabricated (iOS)" */ = {
			isa = XCConfigurationList;
			buildConfigurations = (
				2B7B1956261D4DC70027C905 /* Debug */,
				2B7B1957261D4DC70027C905 /* Release */,
			);
			defaultConfigurationIsVisible = 0;
			defaultConfigurationName = Release;
		};
		2B7B1958261D4DC70027C905 /* Build configuration list for PBXNativeTarget "Fabricated (macOS)" */ = {
			isa = XCConfigurationList;
			buildConfigurations = (
				2B7B1959261D4DC70027C905 /* Debug */,
				2B7B195A261D4DC70027C905 /* Release */,
			);
			defaultConfigurationIsVisible = 0;
			defaultConfigurationName = Release;
		};
/* End XCConfigurationList section */
	};
	rootObject = 2B7B1932261D4DC50027C905 /* Project object */;
}
